
Microsoft Visual Studio Solution File, Format Version 12.00
# Visual Studio Version 17
VisualStudioVersion = 17.11.35219.272
MinimumVisualStudioVersion = 10.0.40219.1
Project("{2150E333-8FDC-42A3-9474-1A3956D46DE8}") = "Solution Items", "Solution Items", "{623A0D5B-61DF-4F76-9F58-4827DE18E7EA}"
	ProjectSection(SolutionItems) = preProject
		.gitignore = .gitignore
		CHANGELOG.md = CHANGELOG.md
		.github\workflows\dotnet.yml = .github\workflows\dotnet.yml
		Docs\InlineCommentsOnTableArrays.md = Docs\InlineCommentsOnTableArrays.md
		README.en.md = README.en.md
		README.md = README.md
	EndProjectSection
EndProject
Project("{9A19103F-16F7-4668-BE54-9A1E7A4F7556}") = "TomlConfig", "TomlConfig\TomlConfig.csproj", "{E8311261-4548-4855-9CDD-B143F1A130F5}"
EndProject
Project("{9A19103F-16F7-4668-BE54-9A1E7A4F7556}") = "TomlConfig.Test", "TomlConfig.Test\TomlConfig.Test.csproj", "{D45E618E-976C-41EF-950A-020A1443AC14}"
EndProject
Global
	GlobalSection(SolutionConfigurationPlatforms) = preSolution
		Debug|Any CPU = Debug|Any CPU
		Release|Any CPU = Release|Any CPU
	EndGlobalSection
	GlobalSection(ProjectConfigurationPlatforms) = postSolution
		{E8311261-4548-4855-9CDD-B143F1A130F5}.Debug|Any CPU.ActiveCfg = Debug|Any CPU
		{E8311261-4548-4855-9CDD-B143F1A130F5}.Debug|Any CPU.Build.0 = Debug|Any CPU
		{E8311261-4548-4855-9CDD-B143F1A130F5}.Release|Any CPU.ActiveCfg = Release|Any CPU
		{E8311261-4548-4855-9CDD-B143F1A130F5}.Release|Any CPU.Build.0 = Release|Any CPU
		{D45E618E-976C-41EF-950A-020A1443AC14}.Debug|Any CPU.ActiveCfg = Debug|Any CPU
		{D45E618E-976C-41EF-950A-020A1443AC14}.Debug|Any CPU.Build.0 = Debug|Any CPU
		{D45E618E-976C-41EF-950A-020A1443AC14}.Release|Any CPU.ActiveCfg = Release|Any CPU
		{D45E618E-976C-41EF-950A-020A1443AC14}.Release|Any CPU.Build.0 = Release|Any CPU
	EndGlobalSection
	GlobalSection(SolutionProperties) = preSolution
		HideSolutionNode = FALSE
	EndGlobalSection
	GlobalSection(ExtensibilityGlobals) = postSolution
		SolutionGuid = {3676F189-FE24-4863-AB97-3C245878ECC4}
	EndGlobalSection
EndGlobal
